
Microsoft Visual Studio Solution File, Format Version 12.00
# Visual Studio Version 16
VisualStudioVersion = 16.0.30621.155
MinimumVisualStudioVersion = 10.0.40219.1
Project("{9A19103F-16F7-4668-BE54-9A1E7A4F7556}") = "LandLyst", "LandLyst\LandLyst.csproj", "{FB787E88-F469-46C6-98F1-64F6BFB2312E}"
EndProject
Project("{9A19103F-16F7-4668-BE54-9A1E7A4F7556}") = "LandLystTests", "LandLystTests\LandLystTests.csproj", "{2617F776-DD29-4951-ADF4-4BF108435AE9}"
EndProject
Global
	GlobalSection(SolutionConfigurationPlatforms) = preSolution
		Debug|Any CPU = Debug|Any CPU
		Release|Any CPU = Release|Any CPU
	EndGlobalSection
	GlobalSection(ProjectConfigurationPlatforms) = postSolution
		{FB787E88-F469-46C6-98F1-64F6BFB2312E}.Debug|Any CPU.ActiveCfg = Debug|Any CPU
		{FB787E88-F469-46C6-98F1-64F6BFB2312E}.Debug|Any CPU.Build.0 = Debug|Any CPU
		{FB787E88-F469-46C6-98F1-64F6BFB2312E}.Release|Any CPU.ActiveCfg = Release|Any CPU
		{FB787E88-F469-46C6-98F1-64F6BFB2312E}.Release|Any CPU.Build.0 = Release|Any CPU
		{2617F776-DD29-4951-ADF4-4BF108435AE9}.Debug|Any CPU.ActiveCfg = Debug|Any CPU
		{2617F776-DD29-4951-ADF4-4BF108435AE9}.Debug|Any CPU.Build.0 = Debug|Any CPU
		{2617F776-DD29-4951-ADF4-4BF108435AE9}.Release|Any CPU.ActiveCfg = Release|Any CPU
		{2617F776-DD29-4951-ADF4-4BF108435AE9}.Release|Any CPU.Build.0 = Release|Any CPU
	EndGlobalSection
	GlobalSection(SolutionProperties) = preSolution
		HideSolutionNode = FALSE
	EndGlobalSection
	GlobalSection(ExtensibilityGlobals) = postSolution
		SolutionGuid = {1F8B80EE-8DB1-474B-8282-B76C05FF0750}
	EndGlobalSection
EndGlobal
